
Microsoft Visual Studio Solution File, Format Version 12.00
# Visual Studio 14
VisualStudioVersion = 14.0.23107.0
MinimumVisualStudioVersion = 10.0.40219.1
Project("{159641D6-6404-4A2A-AE62-294DE0FE8301}") = "IT16029682", "IT16029682\IT16029682.dtproj", "{B484BD4C-00E8-4DE8-92E4-2679ACBA1DA5}"
EndProject
Global
	GlobalSection(SolutionConfigurationPlatforms) = preSolution
		Development|Default = Development|Default
	EndGlobalSection
	GlobalSection(ProjectConfigurationPlatforms) = postSolution
		{B484BD4C-00E8-4DE8-92E4-2679ACBA1DA5}.Development|Default.ActiveCfg = Development
		{B484BD4C-00E8-4DE8-92E4-2679ACBA1DA5}.Development|Default.Build.0 = Development
	EndGlobalSection
	GlobalSection(SolutionProperties) = preSolution
		HideSolutionNode = FALSE
	EndGlobalSection
EndGlobal
